
Microsoft Visual Studio Solution File, Format Version 12.00
# Visual Studio 15
VisualStudioVersion = 15.0.26124.0
MinimumVisualStudioVersion = 15.0.26124.0
Project("{FAE04EC0-301F-11D3-BF4B-00C04F79EFBC}") = "Domain", "Domain\Domain.csproj", "{5085325A-2730-4558-AE0E-E6793F4DCD95}"
EndProject
Project("{FAE04EC0-301F-11D3-BF4B-00C04F79EFBC}") = "Application", "Application\Application.csproj", "{E493B53B-B2FF-4065-B9A1-47138A762AE2}"
EndProject
Project("{FAE04EC0-301F-11D3-BF4B-00C04F79EFBC}") = "Persistence", "Persistence\Persistence.csproj", "{03ACB765-60A9-4A7E-9A7A-6E98BB92874B}"
EndProject
Project("{FAE04EC0-301F-11D3-BF4B-00C04F79EFBC}") = "API", "API\API.csproj", "{E7225499-FE8C-4B68-AA47-0D9843B76392}"
EndProject
Global
	GlobalSection(SolutionConfigurationPlatforms) = preSolution
		Debug|Any CPU = Debug|Any CPU
		Debug|x64 = Debug|x64
		Debug|x86 = Debug|x86
		Release|Any CPU = Release|Any CPU
		Release|x64 = Release|x64
		Release|x86 = Release|x86
	EndGlobalSection
	GlobalSection(SolutionProperties) = preSolution
		HideSolutionNode = FALSE
	EndGlobalSection
	GlobalSection(ProjectConfigurationPlatforms) = postSolution
		{5085325A-2730-4558-AE0E-E6793F4DCD95}.Debug|Any CPU.ActiveCfg = Debug|Any CPU
		{5085325A-2730-4558-AE0E-E6793F4DCD95}.Debug|Any CPU.Build.0 = Debug|Any CPU
		{5085325A-2730-4558-AE0E-E6793F4DCD95}.Debug|x64.ActiveCfg = Debug|Any CPU
		{5085325A-2730-4558-AE0E-E6793F4DCD95}.Debug|x64.Build.0 = Debug|Any CPU
		{5085325A-2730-4558-AE0E-E6793F4DCD95}.Debug|x86.ActiveCfg = Debug|Any CPU
		{5085325A-2730-4558-AE0E-E6793F4DCD95}.Debug|x86.Build.0 = Debug|Any CPU
		{5085325A-2730-4558-AE0E-E6793F4DCD95}.Release|Any CPU.ActiveCfg = Release|Any CPU
		{5085325A-2730-4558-AE0E-E6793F4DCD95}.Release|Any CPU.Build.0 = Release|Any CPU
		{5085325A-2730-4558-AE0E-E6793F4DCD95}.Release|x64.ActiveCfg = Release|Any CPU
		{5085325A-2730-4558-AE0E-E6793F4DCD95}.Release|x64.Build.0 = Release|Any CPU
		{5085325A-2730-4558-AE0E-E6793F4DCD95}.Release|x86.ActiveCfg = Release|Any CPU
		{5085325A-2730-4558-AE0E-E6793F4DCD95}.Release|x86.Build.0 = Release|Any CPU
		{E493B53B-B2FF-4065-B9A1-47138A762AE2}.Debug|Any CPU.ActiveCfg = Debug|Any CPU
		{E493B53B-B2FF-4065-B9A1-47138A762AE2}.Debug|Any CPU.Build.0 = Debug|Any CPU
		{E493B53B-B2FF-4065-B9A1-47138A762AE2}.Debug|x64.ActiveCfg = Debug|Any CPU
		{E493B53B-B2FF-4065-B9A1-47138A762AE2}.Debug|x64.Build.0 = Debug|Any CPU
		{E493B53B-B2FF-4065-B9A1-47138A762AE2}.Debug|x86.ActiveCfg = Debug|Any CPU
		{E493B53B-B2FF-4065-B9A1-47138A762AE2}.Debug|x86.Build.0 = Debug|Any CPU
		{E493B53B-B2FF-4065-B9A1-47138A762AE2}.Release|Any CPU.ActiveCfg = Release|Any CPU
		{E493B53B-B2FF-4065-B9A1-47138A762AE2}.Release|Any CPU.Build.0 = Release|Any CPU
		{E493B53B-B2FF-4065-B9A1-47138A762AE2}.Release|x64.ActiveCfg = Release|Any CPU
		{E493B53B-B2FF-4065-B9A1-47138A762AE2}.Release|x64.Build.0 = Release|Any CPU
		{E493B53B-B2FF-4065-B9A1-47138A762AE2}.Release|x86.ActiveCfg = Release|Any CPU
		{E493B53B-B2FF-4065-B9A1-47138A762AE2}.Release|x86.Build.0 = Release|Any CPU
		{03ACB765-60A9-4A7E-9A7A-6E98BB92874B}.Debug|Any CPU.ActiveCfg = Debug|Any CPU
		{03ACB765-60A9-4A7E-9A7A-6E98BB92874B}.Debug|Any CPU.Build.0 = Debug|Any CPU
		{03ACB765-60A9-4A7E-9A7A-6E98BB92874B}.Debug|x64.ActiveCfg = Debug|Any CPU
		{03ACB765-60A9-4A7E-9A7A-6E98BB92874B}.Debug|x64.Build.0 = Debug|Any CPU
		{03ACB765-60A9-4A7E-9A7A-6E98BB92874B}.Debug|x86.ActiveCfg = Debug|Any CPU
		{03ACB765-60A9-4A7E-9A7A-6E98BB92874B}.Debug|x86.Build.0 = Debug|Any CPU
		{03ACB765-60A9-4A7E-9A7A-6E98BB92874B}.Release|Any CPU.ActiveCfg = Release|Any CPU
		{03ACB765-60A9-4A7E-9A7A-6E98BB92874B}.Release|Any CPU.Build.0 = Release|Any CPU
		{03ACB765-60A9-4A7E-9A7A-6E98BB92874B}.Release|x64.ActiveCfg = Release|Any CPU
		{03ACB765-60A9-4A7E-9A7A-6E98BB92874B}.Release|x64.Build.0 = Release|Any CPU
		{03ACB765-60A9-4A7E-9A7A-6E98BB92874B}.Release|x86.ActiveCfg = Release|Any CPU
		{03ACB765-60A9-4A7E-9A7A-6E98BB92874B}.Release|x86.Build.0 = Release|Any CPU
		{E7225499-FE8C-4B68-AA47-0D9843B76392}.Debug|Any CPU.ActiveCfg = Debug|Any CPU
		{E7225499-FE8C-4B68-AA47-0D9843B76392}.Debug|Any CPU.Build.0 = Debug|Any CPU
		{E7225499-FE8C-4B68-AA47-0D9843B76392}.Debug|x64.ActiveCfg = Debug|Any CPU
		{E7225499-FE8C-4B68-AA47-0D9843B76392}.Debug|x64.Build.0 = Debug|Any CPU
		{E7225499-FE8C-4B68-AA47-0D9843B76392}.Debug|x86.ActiveCfg = Debug|Any CPU
		{E7225499-FE8C-4B68-AA47-0D9843B76392}.Debug|x86.Build.0 = Debug|Any CPU
		{E7225499-FE8C-4B68-AA47-0D9843B76392}.Release|Any CPU.ActiveCfg = Release|Any CPU
		{E7225499-FE8C-4B68-AA47-0D9843B76392}.Release|Any CPU.Build.0 = Release|Any CPU
		{E7225499-FE8C-4B68-AA47-0D9843B76392}.Release|x64.ActiveCfg = Release|Any CPU
		{E7225499-FE8C-4B68-AA47-0D9843B76392}.Release|x64.Build.0 = Release|Any CPU
		{E7225499-FE8C-4B68-AA47-0D9843B76392}.Release|x86.ActiveCfg = Release|Any CPU
		{E7225499-FE8C-4B68-AA47-0D9843B76392}.Release|x86.Build.0 = Release|Any CPU
	EndGlobalSection
EndGlobal
